github.com/Binject/debug v0.0.0-20211007083345-9605c99179ee h1:neBp9wDYVY4Uu1gGlrL+IL4JeZslz+hGEAjBXGAPWak=
github.com/Binject/debug v0.0.0-20211007083345-9605c99179ee/go.mod h1:QzgxDLY/qdKlvnbnb65eqTedhvQPbaSP2NqIbcuKvsQ=
github.com/audibleblink/dllinquent v0.2.1 h1:c52u28UWVGhrQK0QwfkwhciPruNuoM8kWmkzrkTj9UI=
github.com/audibleblink/dllinquent v0.2.1/go.mod h1:l5uvPa5mL7Qm1gjerp3PtGNp3uunuMnzLbg1NqwoIP8=
github.com/audibleblink/dllinquent v0.2.2 h1:OlkcBVjC6CJpNaqsiR5n/8H4hFxLOEyhHygRYIk1cE4=
github.com/audibleblink/dllinquent v0.2.2/go.mod h1:l5uvPa5mL7Qm1gjerp3PtGNp3uunuMnzLbg1NqwoIP8=
github.com/audibleblink/dllinquent v0.2.3 h1:3SfoWs35GdHXBfkhFSKiX7Kd98GhMK+pq1ztHZFlM2g=
github.com/audibleblink/dllinquent v0.2.3/go.mod h1:l5uvPa5mL7Qm1gjerp3PtGNp3uunuMnzLbg1NqwoIP8=
github.com/audibleblink/getsystem v0.1.1 h1:2Xwj9ef53sOu5M7ArG8j/jr3rb1WQyTNJ/PlWChgrdY=
github.com/audibleblink/getsystem v0.1.1/go.mod h1:JAoOsoqmC5st/9PtYBmTiP/5c7Bi75HhzXgHUSMJuuo=
github.com/audibleblink/memutils v0.0.2 h1:cOZ8Yg+XKdY52ajptDN5IK/EZUCv/fzLRMuwwxd/Iow=
github.com/audibleblink/memutils v0.0.2/go.mod h1:J7jCyGzYDfu33IKNbJ97GxPXsbv7b/kCSc78NVijZNI=
golang.org/x/sys v0.0.0-20210820121016-41cdb8703e55/go.mod h1:oPkhp1MJrh7nUepCBck5+mAzfO9JrbApNNgaTdGDITg=
golang.org/x/sys v0.0.0-20220227234510-4e6760a101f9 h1:nhht2DYV/Sn3qOayu8lM+cU1ii9sTLUeBQwQQfUHtrs=
golang.org/x/sys v0.0.0-20220227234510-4e6760a101f9/go.mod h1:oPkhp1MJrh7nUepCBck5+mAzfO9JrbApNNgaTdGDITg=
